
Microsoft Visual Studio Solution File, Format Version 12.00
# Visual Studio 2013
VisualStudioVersion = 12.0.21005.1
MinimumVisualStudioVersion = 10.0.40219.1
Project("{FAE04EC0-301F-11D3-BF4B-00C04F79EFBC}") = "DAL", "DAL\DAL.csproj", "{C7FC830F-21CE-447C-87CD-7557FA6156B7}"
EndProject
Project("{FAE04EC0-301F-11D3-BF4B-00C04F79EFBC}") = "BLL", "BLL\BLL.csproj", "{ED930345-44BA-4B9E-9B33-0D8D3D705694}"
EndProject
Project("{FAE04EC0-301F-11D3-BF4B-00C04F79EFBC}") = "DBUlity", "DBUlity\DBUlity.csproj", "{4D90BEF1-E3A1-49BD-8E0B-22E28A717D87}"
EndProject
Project("{FAE04EC0-301F-11D3-BF4B-00C04F79EFBC}") = "Model", "Model\Model.csproj", "{EFB38834-2C23-4012-9030-28EF6EC74FE5}"
EndProject
Project("{FAE04EC0-301F-11D3-BF4B-00C04F79EFBC}") = "Web", "Web\Web.csproj", "{47301765-0584-4684-AF83-8FE49DD5D28D}"
EndProject
Global
	GlobalSection(SolutionConfigurationPlatforms) = preSolution
		Debug|Any CPU = Debug|Any CPU
		Release|Any CPU = Release|Any CPU
	EndGlobalSection
	GlobalSection(ProjectConfigurationPlatforms) = postSolution
		{C7FC830F-21CE-447C-87CD-7557FA6156B7}.Debug|Any CPU.ActiveCfg = Debug|Any CPU
		{C7FC830F-21CE-447C-87CD-7557FA6156B7}.Debug|Any CPU.Build.0 = Debug|Any CPU
		{C7FC830F-21CE-447C-87CD-7557FA6156B7}.Release|Any CPU.ActiveCfg = Release|Any CPU
		{C7FC830F-21CE-447C-87CD-7557FA6156B7}.Release|Any CPU.Build.0 = Release|Any CPU
		{ED930345-44BA-4B9E-9B33-0D8D3D705694}.Debug|Any CPU.ActiveCfg = Debug|Any CPU
		{ED930345-44BA-4B9E-9B33-0D8D3D705694}.Debug|Any CPU.Build.0 = Debug|Any CPU
		{ED930345-44BA-4B9E-9B33-0D8D3D705694}.Release|Any CPU.ActiveCfg = Release|Any CPU
		{ED930345-44BA-4B9E-9B33-0D8D3D705694}.Release|Any CPU.Build.0 = Release|Any CPU
		{4D90BEF1-E3A1-49BD-8E0B-22E28A717D87}.Debug|Any CPU.ActiveCfg = Debug|Any CPU
		{4D90BEF1-E3A1-49BD-8E0B-22E28A717D87}.Debug|Any CPU.Build.0 = Debug|Any CPU
		{4D90BEF1-E3A1-49BD-8E0B-22E28A717D87}.Release|Any CPU.ActiveCfg = Release|Any CPU
		{4D90BEF1-E3A1-49BD-8E0B-22E28A717D87}.Release|Any CPU.Build.0 = Release|Any CPU
		{EFB38834-2C23-4012-9030-28EF6EC74FE5}.Debug|Any CPU.ActiveCfg = Debug|Any CPU
		{EFB38834-2C23-4012-9030-28EF6EC74FE5}.Debug|Any CPU.Build.0 = Debug|Any CPU
		{EFB38834-2C23-4012-9030-28EF6EC74FE5}.Release|Any CPU.ActiveCfg = Release|Any CPU
		{EFB38834-2C23-4012-9030-28EF6EC74FE5}.Release|Any CPU.Build.0 = Release|Any CPU
		{47301765-0584-4684-AF83-8FE49DD5D28D}.Debug|Any CPU.ActiveCfg = Debug|Any CPU
		{47301765-0584-4684-AF83-8FE49DD5D28D}.Debug|Any CPU.Build.0 = Debug|Any CPU
		{47301765-0584-4684-AF83-8FE49DD5D28D}.Release|Any CPU.ActiveCfg = Release|Any CPU
		{47301765-0584-4684-AF83-8FE49DD5D28D}.Release|Any CPU.Build.0 = Release|Any CPU
	EndGlobalSection
	GlobalSection(SolutionProperties) = preSolution
		HideSolutionNode = FALSE
	EndGlobalSection
EndGlobal
